
Microsoft Visual Studio Solution File, Format Version 12.00
# Visual Studio 14
VisualStudioVersion = 14.0.25420.1
MinimumVisualStudioVersion = 10.0.40219.1
Project("{FAE04EC0-301F-11D3-BF4B-00C04F79EFBC}") = "Domain", "Domain\Domain.csproj", "{3F57814A-C384-4F48-965B-D673CCBF6950}"
EndProject
Project("{FAE04EC0-301F-11D3-BF4B-00C04F79EFBC}") = "Data", "Data\Data.csproj", "{BE6AEF1E-0AB1-402C-A7DC-354476329C07}"
EndProject
Project("{FAE04EC0-301F-11D3-BF4B-00C04F79EFBC}") = "Services", "Services\Services.csproj", "{83F16EAA-1D93-4A09-8652-15FBE5832DB9}"
EndProject
Project("{FAE04EC0-301F-11D3-BF4B-00C04F79EFBC}") = "Web", "Web\Web.csproj", "{98CE54CC-F2FC-4670-B001-3894D5798E01}"
EndProject
Project("{FAE04EC0-301F-11D3-BF4B-00C04F79EFBC}") = "Test", "Test\Test.csproj", "{0DD9190E-D4CB-47B2-91E6-957BAF136505}"
EndProject
Global
	GlobalSection(SolutionConfigurationPlatforms) = preSolution
		Debug|Any CPU = Debug|Any CPU
		Release|Any CPU = Release|Any CPU
	EndGlobalSection
	GlobalSection(ProjectConfigurationPlatforms) = postSolution
		{3F57814A-C384-4F48-965B-D673CCBF6950}.Debug|Any CPU.ActiveCfg = Debug|Any CPU
		{3F57814A-C384-4F48-965B-D673CCBF6950}.Debug|Any CPU.Build.0 = Debug|Any CPU
		{3F57814A-C384-4F48-965B-D673CCBF6950}.Release|Any CPU.ActiveCfg = Release|Any CPU
		{3F57814A-C384-4F48-965B-D673CCBF6950}.Release|Any CPU.Build.0 = Release|Any CPU
		{BE6AEF1E-0AB1-402C-A7DC-354476329C07}.Debug|Any CPU.ActiveCfg = Debug|Any CPU
		{BE6AEF1E-0AB1-402C-A7DC-354476329C07}.Debug|Any CPU.Build.0 = Debug|Any CPU
		{BE6AEF1E-0AB1-402C-A7DC-354476329C07}.Release|Any CPU.ActiveCfg = Release|Any CPU
		{BE6AEF1E-0AB1-402C-A7DC-354476329C07}.Release|Any CPU.Build.0 = Release|Any CPU
		{83F16EAA-1D93-4A09-8652-15FBE5832DB9}.Debug|Any CPU.ActiveCfg = Debug|Any CPU
		{83F16EAA-1D93-4A09-8652-15FBE5832DB9}.Debug|Any CPU.Build.0 = Debug|Any CPU
		{83F16EAA-1D93-4A09-8652-15FBE5832DB9}.Release|Any CPU.ActiveCfg = Release|Any CPU
		{83F16EAA-1D93-4A09-8652-15FBE5832DB9}.Release|Any CPU.Build.0 = Release|Any CPU
		{98CE54CC-F2FC-4670-B001-3894D5798E01}.Debug|Any CPU.ActiveCfg = Debug|Any CPU
		{98CE54CC-F2FC-4670-B001-3894D5798E01}.Debug|Any CPU.Build.0 = Debug|Any CPU
		{98CE54CC-F2FC-4670-B001-3894D5798E01}.Release|Any CPU.ActiveCfg = Release|Any CPU
		{98CE54CC-F2FC-4670-B001-3894D5798E01}.Release|Any CPU.Build.0 = Release|Any CPU
		{0DD9190E-D4CB-47B2-91E6-957BAF136505}.Debug|Any CPU.ActiveCfg = Debug|Any CPU
		{0DD9190E-D4CB-47B2-91E6-957BAF136505}.Debug|Any CPU.Build.0 = Debug|Any CPU
		{0DD9190E-D4CB-47B2-91E6-957BAF136505}.Release|Any CPU.ActiveCfg = Release|Any CPU
		{0DD9190E-D4CB-47B2-91E6-957BAF136505}.Release|Any CPU.Build.0 = Release|Any CPU
	EndGlobalSection
	GlobalSection(SolutionProperties) = preSolution
		HideSolutionNode = FALSE
	EndGlobalSection
EndGlobal
